
Microsoft Visual Studio Solution File, Format Version 12.00
# Visual Studio 15
VisualStudioVersion = 15.0.27428.2027
MinimumVisualStudioVersion = 10.0.40219.1
Project("{FAE04EC0-301F-11D3-BF4B-00C04F79EFBC}") = "UI.Desktop", "UI.Desktop\UI.Desktop.csproj", "{C7E6E2D4-BF2B-48A3-B51D-84037BBC88E0}"
EndProject
Project("{FAE04EC0-301F-11D3-BF4B-00C04F79EFBC}") = "Negocio", "Negocio\Negocio.csproj", "{B7A4735C-0831-4E0E-A432-8086336F9ABF}"
EndProject
Project("{FAE04EC0-301F-11D3-BF4B-00C04F79EFBC}") = "Util", "Util\Util.csproj", "{CCF53502-B826-45D0-8939-91C0B08E099D}"
EndProject
Project("{FAE04EC0-301F-11D3-BF4B-00C04F79EFBC}") = "Business.Entities", "Business.Entities\Business.Entities.csproj", "{9BEAD2CF-64D2-4A12-9E11-6D88BE2863E2}"
EndProject
Project("{FAE04EC0-301F-11D3-BF4B-00C04F79EFBC}") = "Business.Logic", "Business.Logic\Business.Logic.csproj", "{37A462DA-8E81-48DB-8EA4-B711B0AD4D23}"
EndProject
Project("{FAE04EC0-301F-11D3-BF4B-00C04F79EFBC}") = "UI.Web", "UI.Web\UI.Web.csproj", "{1002157E-488E-4F2A-87E9-49C0F3340B14}"
EndProject
Global
	GlobalSection(SolutionConfigurationPlatforms) = preSolution
		Debug|Any CPU = Debug|Any CPU
		Release|Any CPU = Release|Any CPU
	EndGlobalSection
	GlobalSection(ProjectConfigurationPlatforms) = postSolution
		{C7E6E2D4-BF2B-48A3-B51D-84037BBC88E0}.Debug|Any CPU.ActiveCfg = Debug|Any CPU
		{C7E6E2D4-BF2B-48A3-B51D-84037BBC88E0}.Debug|Any CPU.Build.0 = Debug|Any CPU
		{C7E6E2D4-BF2B-48A3-B51D-84037BBC88E0}.Release|Any CPU.ActiveCfg = Release|Any CPU
		{C7E6E2D4-BF2B-48A3-B51D-84037BBC88E0}.Release|Any CPU.Build.0 = Release|Any CPU
		{B7A4735C-0831-4E0E-A432-8086336F9ABF}.Debug|Any CPU.ActiveCfg = Debug|Any CPU
		{B7A4735C-0831-4E0E-A432-8086336F9ABF}.Debug|Any CPU.Build.0 = Debug|Any CPU
		{B7A4735C-0831-4E0E-A432-8086336F9ABF}.Release|Any CPU.ActiveCfg = Release|Any CPU
		{B7A4735C-0831-4E0E-A432-8086336F9ABF}.Release|Any CPU.Build.0 = Release|Any CPU
		{CCF53502-B826-45D0-8939-91C0B08E099D}.Debug|Any CPU.ActiveCfg = Debug|Any CPU
		{CCF53502-B826-45D0-8939-91C0B08E099D}.Debug|Any CPU.Build.0 = Debug|Any CPU
		{CCF53502-B826-45D0-8939-91C0B08E099D}.Release|Any CPU.ActiveCfg = Release|Any CPU
		{CCF53502-B826-45D0-8939-91C0B08E099D}.Release|Any CPU.Build.0 = Release|Any CPU
		{9BEAD2CF-64D2-4A12-9E11-6D88BE2863E2}.Debug|Any CPU.ActiveCfg = Debug|Any CPU
		{9BEAD2CF-64D2-4A12-9E11-6D88BE2863E2}.Debug|Any CPU.Build.0 = Debug|Any CPU
		{9BEAD2CF-64D2-4A12-9E11-6D88BE2863E2}.Release|Any CPU.ActiveCfg = Release|Any CPU
		{9BEAD2CF-64D2-4A12-9E11-6D88BE2863E2}.Release|Any CPU.Build.0 = Release|Any CPU
		{37A462DA-8E81-48DB-8EA4-B711B0AD4D23}.Debug|Any CPU.ActiveCfg = Debug|Any CPU
		{37A462DA-8E81-48DB-8EA4-B711B0AD4D23}.Debug|Any CPU.Build.0 = Debug|Any CPU
		{37A462DA-8E81-48DB-8EA4-B711B0AD4D23}.Release|Any CPU.ActiveCfg = Release|Any CPU
		{37A462DA-8E81-48DB-8EA4-B711B0AD4D23}.Release|Any CPU.Build.0 = Release|Any CPU
		{1002157E-488E-4F2A-87E9-49C0F3340B14}.Debug|Any CPU.ActiveCfg = Debug|Any CPU
		{1002157E-488E-4F2A-87E9-49C0F3340B14}.Debug|Any CPU.Build.0 = Debug|Any CPU
		{1002157E-488E-4F2A-87E9-49C0F3340B14}.Release|Any CPU.ActiveCfg = Release|Any CPU
		{1002157E-488E-4F2A-87E9-49C0F3340B14}.Release|Any CPU.Build.0 = Release|Any CPU
	EndGlobalSection
	GlobalSection(SolutionProperties) = preSolution
		HideSolutionNode = FALSE
	EndGlobalSection
	GlobalSection(ExtensibilityGlobals) = postSolution
		SolutionGuid = {D79900D8-8F65-4C32-BD8D-620EC965BCF7}
	EndGlobalSection
EndGlobal
